
Microsoft Visual Studio Solution File, Format Version 12.00
# Visual Studio Version 17
VisualStudioVersion = 17.7.34221.43
MinimumVisualStudioVersion = 10.0.40219.1
Project("{FAE04EC0-301F-11D3-BF4B-00C04F79EFBC}") = "Lesson4", "Lesson4.csproj", "{6E95B661-3292-4C31-B121-C3A4B6E7AD16}"
EndProject
Global
	GlobalSection(SolutionConfigurationPlatforms) = preSolution
		Debug|Any CPU = Debug|Any CPU
		Release|Any CPU = Release|Any CPU
	EndGlobalSection
	GlobalSection(ProjectConfigurationPlatforms) = postSolution
		{6E95B661-3292-4C31-B121-C3A4B6E7AD16}.Debug|Any CPU.ActiveCfg = Debug|Any CPU
		{6E95B661-3292-4C31-B121-C3A4B6E7AD16}.Debug|Any CPU.Build.0 = Debug|Any CPU
		{6E95B661-3292-4C31-B121-C3A4B6E7AD16}.Release|Any CPU.ActiveCfg = Release|Any CPU
		{6E95B661-3292-4C31-B121-C3A4B6E7AD16}.Release|Any CPU.Build.0 = Release|Any CPU
	EndGlobalSection
	GlobalSection(SolutionProperties) = preSolution
		HideSolutionNode = FALSE
	EndGlobalSection
	GlobalSection(ExtensibilityGlobals) = postSolution
		SolutionGuid = {138B55AF-5E8B-4465-8979-44D1A66015E7}
	EndGlobalSection
EndGlobal
