
Microsoft Visual Studio Solution File, Format Version 12.00
# Visual Studio Version 17
VisualStudioVersion = 17.7.34221.43
MinimumVisualStudioVersion = 10.0.40219.1
Project("{FAE04EC0-301F-11D3-BF4B-00C04F79EFBC}") = "Lesson10", "Lesson10.csproj", "{178D407B-D703-4085-9EF6-1FD245F40FBF}"
EndProject
Global
	GlobalSection(SolutionConfigurationPlatforms) = preSolution
		Debug|Any CPU = Debug|Any CPU
		Release|Any CPU = Release|Any CPU
	EndGlobalSection
	GlobalSection(ProjectConfigurationPlatforms) = postSolution
		{178D407B-D703-4085-9EF6-1FD245F40FBF}.Debug|Any CPU.ActiveCfg = Debug|Any CPU
		{178D407B-D703-4085-9EF6-1FD245F40FBF}.Debug|Any CPU.Build.0 = Debug|Any CPU
		{178D407B-D703-4085-9EF6-1FD245F40FBF}.Release|Any CPU.ActiveCfg = Release|Any CPU
		{178D407B-D703-4085-9EF6-1FD245F40FBF}.Release|Any CPU.Build.0 = Release|Any CPU
	EndGlobalSection
	GlobalSection(SolutionProperties) = preSolution
		HideSolutionNode = FALSE
	EndGlobalSection
	GlobalSection(ExtensibilityGlobals) = postSolution
		SolutionGuid = {82FBF5C7-92DD-49F0-8CE0-1288B7ACF69D}
	EndGlobalSection
EndGlobal
